{
	"name": "@rbxts/camera-shaker",
	"version": "1.0.3",
	"lockfileVersion": 1,
	"requires": true,
	"dependencies": {
		"@rbxts/types": {
			"version": "1.0.273",
			"resolved": "https://registry.npmjs.org/@rbxts/types/-/types-1.0.273.tgz",
			"integrity": "sha512-byTawSMoOwvmYsegrw2SeLUyJakKVJNVPPDY5Wz7XBkPph3DTTdtFuGcD/j1qCv9xfMLFuNh0DfgkpKMhiGLMQ==",
			"dev": true
		}
	}
}
